
Microsoft Visual Studio Solution File, Format Version 12.00
# Visual Studio Version 17
VisualStudioVersion = 17.8.34408.163
MinimumVisualStudioVersion = 10.0.40219.1
Project("{FAE04EC0-301F-11D3-BF4B-00C04F79EFBC}") = "Futarok", "Futarok\Futarok.csproj", "{B3AFFCCB-0B9D-4540-B49C-CA36784A4F7A}"
EndProject
Global
	GlobalSection(SolutionConfigurationPlatforms) = preSolution
		Debug|Any CPU = Debug|Any CPU
		Release|Any CPU = Release|Any CPU
	EndGlobalSection
	GlobalSection(ProjectConfigurationPlatforms) = postSolution
		{B3AFFCCB-0B9D-4540-B49C-CA36784A4F7A}.Debug|Any CPU.ActiveCfg = Debug|Any CPU
		{B3AFFCCB-0B9D-4540-B49C-CA36784A4F7A}.Debug|Any CPU.Build.0 = Debug|Any CPU
		{B3AFFCCB-0B9D-4540-B49C-CA36784A4F7A}.Release|Any CPU.ActiveCfg = Release|Any CPU
		{B3AFFCCB-0B9D-4540-B49C-CA36784A4F7A}.Release|Any CPU.Build.0 = Release|Any CPU
	EndGlobalSection
	GlobalSection(SolutionProperties) = preSolution
		HideSolutionNode = FALSE
	EndGlobalSection
	GlobalSection(ExtensibilityGlobals) = postSolution
		SolutionGuid = {A22C445A-6180-4D63-96FE-F1A373FF29FE}
	EndGlobalSection
EndGlobal
